
Microsoft Visual Studio Solution File, Format Version 12.00
# Visual Studio Version 16
VisualStudioVersion = 16.0.31729.503
MinimumVisualStudioVersion = 10.0.40219.1
Project("{FAE04EC0-301F-11D3-BF4B-00C04F79EFBC}") = "Kaspersky", "Kaspersky.csproj", "{A8C316B2-B6DF-4721-A602-DB0253C186AB}"
EndProject
Global
	GlobalSection(SolutionConfigurationPlatforms) = preSolution
		Debug|Any CPU = Debug|Any CPU
		Release|Any CPU = Release|Any CPU
	EndGlobalSection
	GlobalSection(ProjectConfigurationPlatforms) = postSolution
		{A8C316B2-B6DF-4721-A602-DB0253C186AB}.Debug|Any CPU.ActiveCfg = Debug|Any CPU
		{A8C316B2-B6DF-4721-A602-DB0253C186AB}.Debug|Any CPU.Build.0 = Debug|Any CPU
		{A8C316B2-B6DF-4721-A602-DB0253C186AB}.Release|Any CPU.ActiveCfg = Release|Any CPU
		{A8C316B2-B6DF-4721-A602-DB0253C186AB}.Release|Any CPU.Build.0 = Release|Any CPU
	EndGlobalSection
	GlobalSection(SolutionProperties) = preSolution
		HideSolutionNode = FALSE
	EndGlobalSection
	GlobalSection(ExtensibilityGlobals) = postSolution
		SolutionGuid = {748BC572-06D4-492C-B511-46A0BE1CE99E}
	EndGlobalSection
EndGlobal
